{
  "version": 4,
  "terraform_version": "1.0.4",
  "serial": 20,
  "lineage": "1f381aac-be8b-ddd4-18c0-62d467196eaa",
  "outputs": {},
  "resources": [
    {
      "mode": "managed",
      "type": "digitalocean_droplet",
      "name": "www-1",
      "provider": "provider[\"registry.terraform.io/digitalocean/digitalocean\"]",
      "instances": [
        {
          "schema_version": 1,
          "attributes": {
            "backups": false,
            "created_at": "2021-08-16T21:14:13Z",
            "disk": 25,
            "droplet_agent": null,
            "id": "260278779",
            "image": "ubuntu-20-04-x64",
            "ipv4_address": "165.227.166.143",
            "ipv4_address_private": "10.114.88.3",
            "ipv6": false,
            "ipv6_address": "",
            "locked": false,
            "memory": 1024,
            "monitoring": false,
            "name": "www-1",
            "price_hourly": 0.00744,
            "price_monthly": 5,
            "private_networking": true,
            "region": "fra1",
            "resize_disk": true,
            "size": "s-1vcpu-1gb",
            "ssh_keys": null,
            "status": "active",
            "tags": null,
            "urn": "do:droplet:260278779",
            "user_data": "7eefbda2165d85ffe9db8c335ac989570240d80b",
            "vcpus": 1,
            "volume_ids": [],
            "vpc_uuid": "4e0158c9-c1e2-448a-b34d-ecde6c991527"
          },
          "sensitive_attributes": [],
          "private": "eyJzY2hlbWFfdmVyc2lvbiI6IjEifQ==",
          "dependencies": [
            "digitalocean_vpc.example_vpc"
          ]
        }
      ]
    },
    {
      "mode": "managed",
      "type": "digitalocean_droplet",
      "name": "www-2",
      "provider": "provider[\"registry.terraform.io/digitalocean/digitalocean\"]",
      "instances": [
        {
          "schema_version": 1,
          "attributes": {
            "backups": false,
            "created_at": "2021-08-16T21:14:13Z",
            "disk": 25,
            "droplet_agent": null,
            "id": "260278780",
            "image": "ubuntu-20-04-x64",
            "ipv4_address": "165.227.169.62",
            "ipv4_address_private": "10.114.88.5",
            "ipv6": false,
            "ipv6_address": "",
            "locked": false,
            "memory": 1024,
            "monitoring": false,
            "name": "www-2",
            "price_hourly": 0.00744,
            "price_monthly": 5,
            "private_networking": true,
            "region": "fra1",
            "resize_disk": true,
            "size": "s-1vcpu-1gb",
            "ssh_keys": null,
            "status": "active",
            "tags": null,
            "urn": "do:droplet:260278780",
            "user_data": "7eefbda2165d85ffe9db8c335ac989570240d80b",
            "vcpus": 1,
            "volume_ids": [],
            "vpc_uuid": "4e0158c9-c1e2-448a-b34d-ecde6c991527"
          },
          "sensitive_attributes": [],
          "private": "eyJzY2hlbWFfdmVyc2lvbiI6IjEifQ==",
          "dependencies": [
            "digitalocean_vpc.example_vpc"
          ]
        }
      ]
    },
    {
      "mode": "managed",
      "type": "digitalocean_loadbalancer",
      "name": "www-lb",
      "provider": "provider[\"registry.terraform.io/digitalocean/digitalocean\"]",
      "instances": [
        {
          "schema_version": 1,
          "attributes": {
            "algorithm": "round_robin",
            "droplet_ids": [
              260278779,
              260278780
            ],
            "droplet_tag": "",
            "enable_backend_keepalive": false,
            "enable_proxy_protocol": false,
            "forwarding_rule": [
              {
                "certificate_id": "",
                "certificate_name": "",
                "entry_port": 80,
                "entry_protocol": "http",
                "target_port": 80,
                "target_protocol": "http",
                "tls_passthrough": false
              }
            ],
            "healthcheck": [
              {
                "check_interval_seconds": 10,
                "healthy_threshold": 5,
                "path": "",
                "port": 22,
                "protocol": "tcp",
                "response_timeout_seconds": 5,
                "unhealthy_threshold": 3
              }
            ],
            "id": "c110dec5-e4cb-4f64-b6df-1435a13a54c9",
            "ip": "159.89.215.13",
            "name": "www-lb",
            "redirect_http_to_https": false,
            "region": "fra1",
            "size": "lb-small",
            "status": "active",
            "sticky_sessions": [
              {
                "cookie_name": "",
                "cookie_ttl_seconds": 0,
                "type": "none"
              }
            ],
            "urn": "do:loadbalancer:c110dec5-e4cb-4f64-b6df-1435a13a54c9",
            "vpc_uuid": "4e0158c9-c1e2-448a-b34d-ecde6c991527"
          },
          "sensitive_attributes": [],
          "private": "eyJzY2hlbWFfdmVyc2lvbiI6IjEifQ==",
          "dependencies": [
            "digitalocean_droplet.www-1",
            "digitalocean_droplet.www-2",
            "digitalocean_vpc.example_vpc"
          ]
        }
      ]
    },
    {
      "mode": "managed",
      "type": "digitalocean_vpc",
      "name": "example_vpc",
      "provider": "provider[\"registry.terraform.io/digitalocean/digitalocean\"]",
      "instances": [
        {
          "schema_version": 0,
          "attributes": {
            "created_at": "2021-08-16 21:06:31 +0000 UTC",
            "default": false,
            "description": "",
            "id": "4e0158c9-c1e2-448a-b34d-ecde6c991527",
            "ip_range": "10.114.88.0/24",
            "name": "example-project-network",
            "region": "fra1",
            "timeouts": null,
            "urn": "do:vpc:4e0158c9-c1e2-448a-b34d-ecde6c991527"
          },
          "sensitive_attributes": [],
          "private": "eyJlMmJmYjczMC1lY2FhLTExZTYtOGY4OC0zNDM2M2JjN2M0YzAiOnsiZGVsZXRlIjoxMjAwMDAwMDAwMDB9fQ=="
        }
      ]
    }
  ]
}
