{
  "version": 4,
  "terraform_version": "1.0.4",
  "serial": 30,
  "lineage": "1f381aac-be8b-ddd4-18c0-62d467196eaa",
  "outputs": {},
  "resources": [
    {
      "mode": "managed",
      "type": "digitalocean_droplet",
      "name": "www-1",
      "provider": "provider[\"registry.terraform.io/digitalocean/digitalocean\"]",
      "instances": [
        {
          "schema_version": 1,
          "attributes": {
            "backups": false,
            "created_at": "2021-08-17T18:13:56Z",
            "disk": 25,
            "droplet_agent": null,
            "id": "260433773",
            "image": "ubuntu-20-04-x64",
            "ipv4_address": "159.65.124.64",
            "ipv4_address_private": "10.114.88.2",
            "ipv6": false,
            "ipv6_address": "",
            "locked": false,
            "memory": 1024,
            "monitoring": false,
            "name": "www-1",
            "price_hourly": 0.00744,
            "price_monthly": 5,
            "private_networking": true,
            "region": "fra1",
            "resize_disk": true,
            "size": "s-1vcpu-1gb",
            "ssh_keys": null,
            "status": "active",
            "tags": null,
            "urn": "do:droplet:260433773",
            "user_data": "674fad56264575f1a3824c3dedf2e5c115fbed88",
            "vcpus": 1,
            "volume_ids": [],
            "vpc_uuid": "b7eb5b87-5644-4cd7-b0e3-ef503b6f3fd3"
          },
          "sensitive_attributes": [],
          "private": "eyJzY2hlbWFfdmVyc2lvbiI6IjEifQ==",
          "dependencies": [
            "digitalocean_vpc.example_vpc"
          ]
        }
      ]
    },
    {
      "mode": "managed",
      "type": "digitalocean_droplet",
      "name": "www-2",
      "provider": "provider[\"registry.terraform.io/digitalocean/digitalocean\"]",
      "instances": [
        {
          "schema_version": 1,
          "attributes": {
            "backups": false,
            "created_at": "2021-08-17T18:13:57Z",
            "disk": 25,
            "droplet_agent": null,
            "id": "260433775",
            "image": "ubuntu-20-04-x64",
            "ipv4_address": "167.99.137.221",
            "ipv4_address_private": "10.114.88.3",
            "ipv6": false,
            "ipv6_address": "",
            "locked": false,
            "memory": 1024,
            "monitoring": false,
            "name": "www-2",
            "price_hourly": 0.00744,
            "price_monthly": 5,
            "private_networking": true,
            "region": "fra1",
            "resize_disk": true,
            "size": "s-1vcpu-1gb",
            "ssh_keys": null,
            "status": "active",
            "tags": null,
            "urn": "do:droplet:260433775",
            "user_data": "674fad56264575f1a3824c3dedf2e5c115fbed88",
            "vcpus": 1,
            "volume_ids": [],
            "vpc_uuid": "b7eb5b87-5644-4cd7-b0e3-ef503b6f3fd3"
          },
          "sensitive_attributes": [],
          "private": "eyJzY2hlbWFfdmVyc2lvbiI6IjEifQ==",
          "dependencies": [
            "digitalocean_vpc.example_vpc"
          ]
        }
      ]
    },
    {
      "mode": "managed",
      "type": "digitalocean_loadbalancer",
      "name": "www-lb",
      "provider": "provider[\"registry.terraform.io/digitalocean/digitalocean\"]",
      "instances": [
        {
          "schema_version": 1,
          "attributes": {
            "algorithm": "round_robin",
            "droplet_ids": [
              260433773,
              260433775
            ],
            "droplet_tag": "",
            "enable_backend_keepalive": false,
            "enable_proxy_protocol": false,
            "forwarding_rule": [
              {
                "certificate_id": "",
                "certificate_name": "",
                "entry_port": 80,
                "entry_protocol": "http",
                "target_port": 80,
                "target_protocol": "http",
                "tls_passthrough": false
              }
            ],
            "healthcheck": [
              {
                "check_interval_seconds": 10,
                "healthy_threshold": 5,
                "path": "",
                "port": 22,
                "protocol": "tcp",
                "response_timeout_seconds": 5,
                "unhealthy_threshold": 3
              }
            ],
            "id": "993bedfa-c754-4791-8876-c0112e5db0f2",
            "ip": "157.245.24.235",
            "name": "www-lb",
            "redirect_http_to_https": false,
            "region": "fra1",
            "size": "lb-small",
            "status": "active",
            "sticky_sessions": [
              {
                "cookie_name": "",
                "cookie_ttl_seconds": 0,
                "type": "none"
              }
            ],
            "urn": "do:loadbalancer:993bedfa-c754-4791-8876-c0112e5db0f2",
            "vpc_uuid": "b7eb5b87-5644-4cd7-b0e3-ef503b6f3fd3"
          },
          "sensitive_attributes": [],
          "private": "eyJzY2hlbWFfdmVyc2lvbiI6IjEifQ==",
          "dependencies": [
            "digitalocean_droplet.www-1",
            "digitalocean_droplet.www-2",
            "digitalocean_vpc.example_vpc"
          ]
        }
      ]
    },
    {
      "mode": "managed",
      "type": "digitalocean_vpc",
      "name": "example_vpc",
      "provider": "provider[\"registry.terraform.io/digitalocean/digitalocean\"]",
      "instances": [
        {
          "schema_version": 0,
          "attributes": {
            "created_at": "2021-08-17 18:13:55 +0000 UTC",
            "default": false,
            "description": "",
            "id": "b7eb5b87-5644-4cd7-b0e3-ef503b6f3fd3",
            "ip_range": "10.114.88.0/24",
            "name": "example-project-network",
            "region": "fra1",
            "timeouts": null,
            "urn": "do:vpc:b7eb5b87-5644-4cd7-b0e3-ef503b6f3fd3"
          },
          "sensitive_attributes": [],
          "private": "eyJlMmJmYjczMC1lY2FhLTExZTYtOGY4OC0zNDM2M2JjN2M0YzAiOnsiZGVsZXRlIjoxMjAwMDAwMDAwMDB9fQ=="
        }
      ]
    }
  ]
}
